
Microsoft Visual Studio Solution File, Format Version 12.00
# Visual Studio 14
VisualStudioVersion = 14.0.25420.1
MinimumVisualStudioVersion = 10.0.40219.1
Project("{FAE04EC0-301F-11D3-BF4B-00C04F79EFBC}") = "mmw.Web", "mmw.Web\mmw.Web.csproj", "{DE652AE7-DC8D-4978-9ACA-51A819556C2D}"
EndProject
Project("{FAE04EC0-301F-11D3-BF4B-00C04F79EFBC}") = "mmw.Common", "mmw.Common\mmw.Common.csproj", "{DE205F5A-0AD4-4DB2-9C1B-525E28F8BF88}"
EndProject
Global
	GlobalSection(SolutionConfigurationPlatforms) = preSolution
		Debug|Any CPU = Debug|Any CPU
		Release|Any CPU = Release|Any CPU
	EndGlobalSection
	GlobalSection(ProjectConfigurationPlatforms) = postSolution
		{DE652AE7-DC8D-4978-9ACA-51A819556C2D}.Debug|Any CPU.ActiveCfg = Debug|Any CPU
		{DE652AE7-DC8D-4978-9ACA-51A819556C2D}.Debug|Any CPU.Build.0 = Debug|Any CPU
		{DE652AE7-DC8D-4978-9ACA-51A819556C2D}.Release|Any CPU.ActiveCfg = Release|Any CPU
		{DE652AE7-DC8D-4978-9ACA-51A819556C2D}.Release|Any CPU.Build.0 = Release|Any CPU
		{DE205F5A-0AD4-4DB2-9C1B-525E28F8BF88}.Debug|Any CPU.ActiveCfg = Debug|Any CPU
		{DE205F5A-0AD4-4DB2-9C1B-525E28F8BF88}.Debug|Any CPU.Build.0 = Debug|Any CPU
		{DE205F5A-0AD4-4DB2-9C1B-525E28F8BF88}.Release|Any CPU.ActiveCfg = Release|Any CPU
		{DE205F5A-0AD4-4DB2-9C1B-525E28F8BF88}.Release|Any CPU.Build.0 = Release|Any CPU
	EndGlobalSection
	GlobalSection(SolutionProperties) = preSolution
		HideSolutionNode = FALSE
	EndGlobalSection
EndGlobal
